
Microsoft Visual Studio Solution File, Format Version 12.00
# Visual Studio Version 16
VisualStudioVersion = 16.0.31105.61
MinimumVisualStudioVersion = 10.0.40219.1
Project("{FAE04EC0-301F-11D3-BF4B-00C04F79EFBC}") = "HRM", "HRM\HRM.csproj", "{B545E121-2E30-4EE7-931A-660D6C50E023}"
EndProject
Global
	GlobalSection(SolutionConfigurationPlatforms) = preSolution
		Debug|Any CPU = Debug|Any CPU
		Release|Any CPU = Release|Any CPU
	EndGlobalSection
	GlobalSection(ProjectConfigurationPlatforms) = postSolution
		{B545E121-2E30-4EE7-931A-660D6C50E023}.Debug|Any CPU.ActiveCfg = Debug|Any CPU
		{B545E121-2E30-4EE7-931A-660D6C50E023}.Debug|Any CPU.Build.0 = Debug|Any CPU
		{B545E121-2E30-4EE7-931A-660D6C50E023}.Release|Any CPU.ActiveCfg = Release|Any CPU
		{B545E121-2E30-4EE7-931A-660D6C50E023}.Release|Any CPU.Build.0 = Release|Any CPU
	EndGlobalSection
	GlobalSection(SolutionProperties) = preSolution
		HideSolutionNode = FALSE
	EndGlobalSection
	GlobalSection(ExtensibilityGlobals) = postSolution
		SolutionGuid = {6CE26557-4194-49A1-BCF9-C73FBEE5A794}
	EndGlobalSection
EndGlobal
